PODS:
  - chainway_rfid_scanner (0.1.0):
    - Flutter
  - Flutter (1.0.0)
  - permission_handler_apple (9.3.0):
    - Flutter

DEPENDENCIES:
  - chainway_rfid_scanner (from `.symlinks/plugins/chainway_rfid_scanner/ios`)
  - Flutter (from `Flutter`)
  - permission_handler_apple (from `.symlinks/plugins/permission_handler_apple/ios`)

EXTERNAL SOURCES:
  chainway_rfid_scanner:
    :path: ".symlinks/plugins/chainway_rfid_scanner/ios"
  Flutter:
    :path: Flutter
  permission_handler_apple:
    :path: ".symlinks/plugins/permission_handler_apple/ios"

SPEC CHECKSUMS:
  chainway_rfid_scanner: d7d3f7aa2b6362de79ce95647096ad001e67a0d6
  Flutter: cabc95a1d2626b1b06e7179b784ebcf0c0cde467
  permission_handler_apple: 4ed2196e43d0651e8ff7ca3483a069d469701f2d

PODFILE CHECKSUM: 3c41d3a6488201d7e0d12c3265a22101f620ec8e

COCOAPODS: 1.16.2
